
Microsoft Visual Studio Solution File, Format Version 12.00
# Visual Studio 15
VisualStudioVersion = 15.0.27004.2006
MinimumVisualStudioVersion = 10.0.40219.1
Project("{9A19103F-16F7-4668-BE54-9A1E7A4F7556}") = "APICollection", "APICollection\APICollection.csproj", "{9CAC1F34-BA2F-420B-BAA2-9DD032485126}"
EndProject
Project("{9A19103F-16F7-4668-BE54-9A1E7A4F7556}") = "APICollectionTests", "APICollectionTests\APICollectionTests.csproj", "{B43F8934-4894-4B9D-938F-5BD91AD2FF18}"
EndProject
Global
	GlobalSection(SolutionConfigurationPlatforms) = preSolution
		Debug|Any CPU = Debug|Any CPU
		Release|Any CPU = Release|Any CPU
	EndGlobalSection
	GlobalSection(ProjectConfigurationPlatforms) = postSolution
		{9CAC1F34-BA2F-420B-BAA2-9DD032485126}.Debug|Any CPU.ActiveCfg = Debug|Any CPU
		{9CAC1F34-BA2F-420B-BAA2-9DD032485126}.Debug|Any CPU.Build.0 = Debug|Any CPU
		{9CAC1F34-BA2F-420B-BAA2-9DD032485126}.Release|Any CPU.ActiveCfg = Release|Any CPU
		{9CAC1F34-BA2F-420B-BAA2-9DD032485126}.Release|Any CPU.Build.0 = Release|Any CPU
		{B43F8934-4894-4B9D-938F-5BD91AD2FF18}.Debug|Any CPU.ActiveCfg = Debug|Any CPU
		{B43F8934-4894-4B9D-938F-5BD91AD2FF18}.Debug|Any CPU.Build.0 = Debug|Any CPU
		{B43F8934-4894-4B9D-938F-5BD91AD2FF18}.Release|Any CPU.ActiveCfg = Release|Any CPU
		{B43F8934-4894-4B9D-938F-5BD91AD2FF18}.Release|Any CPU.Build.0 = Release|Any CPU
	EndGlobalSection
	GlobalSection(SolutionProperties) = preSolution
		HideSolutionNode = FALSE
	EndGlobalSection
	GlobalSection(ExtensibilityGlobals) = postSolution
		SolutionGuid = {39F70DDD-49B7-4DEB-822C-8F5F219BCACE}
	EndGlobalSection
EndGlobal
